
Microsoft Visual Studio Solution File, Format Version 12.00
# Visual Studio Version 17
VisualStudioVersion = 17.5.33424.131
MinimumVisualStudioVersion = 10.0.40219.1
Project("{9A19103F-16F7-4668-BE54-9A1E7A4F7556}") = "CashSaver.Domain", "CashSaver.Domain\CashSaver.Domain.csproj", "{0AD36069-5715-442F-978F-833800C23B8A}"
EndProject
Project("{9A19103F-16F7-4668-BE54-9A1E7A4F7556}") = "CashSaver.Helper", "CashSaver.Helper\CashSaver.Helper.csproj", "{47FEEAEB-1C67-4594-8FA2-C343E9601D52}"
EndProject
Project("{9A19103F-16F7-4668-BE54-9A1E7A4F7556}") = "CashSaver.Repositories", "CashSaver.Repositories\CashSaver.Repositories.csproj", "{E7F89EDD-3357-4C48-ACEC-C225B82EF4BC}"
EndProject
Project("{9A19103F-16F7-4668-BE54-9A1E7A4F7556}") = "CashSaver.Functions", "CashSaver.Functions\CashSaver.Functions.csproj", "{D7AB92F4-2A9B-4C4E-9068-EE73BADA8C51}"
EndProject
Project("{9A19103F-16F7-4668-BE54-9A1E7A4F7556}") = "CashSaver.Services", "CashSaver.Services\CashSaver.Services.csproj", "{791E16B7-4537-4D72-B88D-D9BCA910ED98}"
EndProject
Global
	GlobalSection(SolutionConfigurationPlatforms) = preSolution
		Debug|Any CPU = Debug|Any CPU
		Release|Any CPU = Release|Any CPU
	EndGlobalSection
	GlobalSection(ProjectConfigurationPlatforms) = postSolution
		{0AD36069-5715-442F-978F-833800C23B8A}.Debug|Any CPU.ActiveCfg = Debug|Any CPU
		{0AD36069-5715-442F-978F-833800C23B8A}.Debug|Any CPU.Build.0 = Debug|Any CPU
		{0AD36069-5715-442F-978F-833800C23B8A}.Release|Any CPU.ActiveCfg = Release|Any CPU
		{0AD36069-5715-442F-978F-833800C23B8A}.Release|Any CPU.Build.0 = Release|Any CPU
		{47FEEAEB-1C67-4594-8FA2-C343E9601D52}.Debug|Any CPU.ActiveCfg = Debug|Any CPU
		{47FEEAEB-1C67-4594-8FA2-C343E9601D52}.Debug|Any CPU.Build.0 = Debug|Any CPU
		{47FEEAEB-1C67-4594-8FA2-C343E9601D52}.Release|Any CPU.ActiveCfg = Release|Any CPU
		{47FEEAEB-1C67-4594-8FA2-C343E9601D52}.Release|Any CPU.Build.0 = Release|Any CPU
		{E7F89EDD-3357-4C48-ACEC-C225B82EF4BC}.Debug|Any CPU.ActiveCfg = Debug|Any CPU
		{E7F89EDD-3357-4C48-ACEC-C225B82EF4BC}.Debug|Any CPU.Build.0 = Debug|Any CPU
		{E7F89EDD-3357-4C48-ACEC-C225B82EF4BC}.Release|Any CPU.ActiveCfg = Release|Any CPU
		{E7F89EDD-3357-4C48-ACEC-C225B82EF4BC}.Release|Any CPU.Build.0 = Release|Any CPU
		{D7AB92F4-2A9B-4C4E-9068-EE73BADA8C51}.Debug|Any CPU.ActiveCfg = Debug|Any CPU
		{D7AB92F4-2A9B-4C4E-9068-EE73BADA8C51}.Debug|Any CPU.Build.0 = Debug|Any CPU
		{D7AB92F4-2A9B-4C4E-9068-EE73BADA8C51}.Release|Any CPU.ActiveCfg = Release|Any CPU
		{D7AB92F4-2A9B-4C4E-9068-EE73BADA8C51}.Release|Any CPU.Build.0 = Release|Any CPU
		{791E16B7-4537-4D72-B88D-D9BCA910ED98}.Debug|Any CPU.ActiveCfg = Debug|Any CPU
		{791E16B7-4537-4D72-B88D-D9BCA910ED98}.Debug|Any CPU.Build.0 = Debug|Any CPU
		{791E16B7-4537-4D72-B88D-D9BCA910ED98}.Release|Any CPU.ActiveCfg = Release|Any CPU
		{791E16B7-4537-4D72-B88D-D9BCA910ED98}.Release|Any CPU.Build.0 = Release|Any CPU
	EndGlobalSection
	GlobalSection(SolutionProperties) = preSolution
		HideSolutionNode = FALSE
	EndGlobalSection
	GlobalSection(ExtensibilityGlobals) = postSolution
		SolutionGuid = {AE7B1FA8-FD53-4786-968D-AEF91667A91F}
	EndGlobalSection
EndGlobal
